
Microsoft Visual Studio Solution File, Format Version 12.00
# Visual Studio Version 16
VisualStudioVersion = 16.0.29326.143
MinimumVisualStudioVersion = 10.0.40219.1
Project("{FAE04EC0-301F-11D3-BF4B-00C04F79EFBC}") = "ProGrupalSystemVentaComiRapida", "ProGrupalSystemVentaComiRapida\ProGrupalSystemVentaComiRapida.csproj", "{D34B76DD-6161-41E4-8FC7-9661D80DA981}"
EndProject
Global
	GlobalSection(SolutionConfigurationPlatforms) = preSolution
		Debug|Any CPU = Debug|Any CPU
		Release|Any CPU = Release|Any CPU
	EndGlobalSection
	GlobalSection(ProjectConfigurationPlatforms) = postSolution
		{D34B76DD-6161-41E4-8FC7-9661D80DA981}.Debug|Any CPU.ActiveCfg = Debug|Any CPU
		{D34B76DD-6161-41E4-8FC7-9661D80DA981}.Debug|Any CPU.Build.0 = Debug|Any CPU
		{D34B76DD-6161-41E4-8FC7-9661D80DA981}.Release|Any CPU.ActiveCfg = Release|Any CPU
		{D34B76DD-6161-41E4-8FC7-9661D80DA981}.Release|Any CPU.Build.0 = Release|Any CPU
	EndGlobalSection
	GlobalSection(SolutionProperties) = preSolution
		HideSolutionNode = FALSE
	EndGlobalSection
	GlobalSection(ExtensibilityGlobals) = postSolution
		SolutionGuid = {C4EDB025-45CA-4126-800D-A5B3C031B47E}
	EndGlobalSection
EndGlobal
